{
  "version": 4,
  "terraform_version": "1.10.3",
  "serial": 106,
  "lineage": "45b6c99c-cfed-2b7e-be78-9b879e93bae3",
  "outputs": {
    "bucket_name": {
      "value": "hgts-tf-statefiles",
      "type": "string"
    },
    "internet_gw": {
      "value": "igw-01a1e6dba37138789",
      "type": "string"
    },
    "keypair": {
      "value": "hgts-shared-preprod",
      "type": "string"
    },
    "linux_sg": {
      "value": "sg-0ac5b84a88a2c0ee8",
      "type": "string"
    },
    "nacl": {
      "value": "acl-077bdbba92cdf90fe",
      "type": "string"
    },
    "nat_igw": {
      "value": "nat-0af570f7c80671ecf",
      "type": "string"
    },
    "private_key_path": {
      "value": "./hgts-shared-preprod.pem",
      "type": "string"
    },
    "private_subnet_1": {
      "value": [
        "subnet-0a591c39af6c477fd"
      ],
      "type": [
        "tuple",
        [
          "string"
        ]
      ]
    },
    "private_subnet_2": {
      "value": [
        "subnet-06719fa18cbe5d1b2"
      ],
      "type": [
        "tuple",
        [
          "string"
        ]
      ]
    },
    "public_key": {
      "value": "ssh-rsa AAAAB3NzaC1yc2EAAAADAQABAAACAQDaUKXPvv8ChQFths3mLFGpE/p3/6B5Eq4Ef0+GW03ysQMD+qNEYQZjItAdl1joMmBOqAO3gLlvmyjSRBJ9G5PKt576AZliUKAqIgy9HFSvtjzrwn3lZx3c/p8+r5oAfQQ+EEzUl//GWFZy8D1CWgwxUPxkOXXbIekkXfd1lXzebFJpMbTbvzIlYZE9agS9mZREmgrbXwM0GlPxcjpop71Ug/02kigi2spIlzCzsOaAUTgVNU9OgZdoNuwBUD3JbK69Wty9GgjaaP16Isg+elixo48+SEtqFUO6TG+L96i+9uQihFtXDlUoO9xQ6oqQRfpUAwLD3I+g6m0vMuJXCHo6XdhmoKBFqu753yROFF+Cu8Fmhrq6NWsC9XSj9OAyahazL8kdLIN3s00/MjagQFOCwCUbLgL7gpqyBiHBHx2X1a9eOcqgYggS+NWUPn36g/Afxh9hb57Ka2dhHv+b4j8oDSpJk0PF1KFqkINP7yTAAZ7HtfJZwT/dJ67/xyqbeLfo498xmLpzu8ODEkjcdj7tw1x/dbfvGPh3CWnrzFGVaYJKbljO0D8bEam9xpxDTfWiU31xJ0h+BHWtm84x+zO1Am6VzKtacv29/F9zT5abgLdf6T2JV16TgGftw1HyxoHV6GBki7Crk6YOdFZJ147/L3HBZD7xvPJPGuPh4XR6CQ==\n",
      "type": "string"
    },
    "public_subnet_1": {
      "value": [
        "subnet-06d752f47974dd9e8"
      ],
      "type": [
        "tuple",
        [
          "string"
        ]
      ]
    },
    "public_subnet_2": {
      "value": [
        "subnet-035121ddf6a619509"
      ],
      "type": [
        "tuple",
        [
          "string"
        ]
      ]
    },
    "vpc_id": {
      "value": "vpc-0933ebef8443809cd",
      "type": "string"
    },
    "web_sg": {
      "value": "sg-0646b6efcae79d037",
      "type": "string"
    },
    "windows_sg": {
      "value": "sg-0c3ed87eb6b26b75e",
      "type": "string"
    }
  },
  "resources": [
    {
      "mode": "managed",
      "type": "aws_eip",
      "name": "hgts_shared_eip",
      "provider": "provider[\"registry.terraform.io/hashicorp/aws\"]",
      "instances": [
        {
          "schema_version": 0,
          "attributes": {
            "address": null,
            "allocation_id": "eipalloc-0902888e29f110be2",
            "arn": "arn:aws:ec2:ap-south-2:739275440360:elastic-ip/eipalloc-0902888e29f110be2",
            "associate_with_private_ip": null,
            "association_id": "eipassoc-080f43cd5d3369199",
            "carrier_ip": "",
            "customer_owned_ip": "",
            "customer_owned_ipv4_pool": "",
            "domain": "vpc",
            "id": "eipalloc-0902888e29f110be2",
            "instance": "",
            "ipam_pool_id": null,
            "network_border_group": "ap-south-2",
            "network_interface": "eni-0461a46962d8a38cb",
            "private_dns": "ip-10-0-1-5.ap-south-2.compute.internal",
            "private_ip": "10.0.1.5",
            "ptr_record": "",
            "public_dns": "ec2-40-192-22-106.ap-south-2.compute.amazonaws.com",
            "public_ip": "40.192.22.106",
            "public_ipv4_pool": "amazon",
            "tags": {},
            "tags_all": {},
            "timeouts": null,
            "vpc": true
          },
          "sensitive_attributes": [],
          "private": "eyJlMmJmYjczMC1lY2FhLTExZTYtOGY4OC0zNDM2M2JjN2M0YzAiOnsiZGVsZXRlIjoxODAwMDAwMDAwMDAsInJlYWQiOjkwMDAwMDAwMDAwMCwidXBkYXRlIjozMDAwMDAwMDAwMDB9fQ=="
        }
      ]
    },
    {
      "mode": "managed",
      "type": "aws_internet_gateway",
      "name": "hgts_shared_igw",
      "provider": "provider[\"registry.terraform.io/hashicorp/aws\"]",
      "instances": [
        {
          "schema_version": 0,
          "attributes": {
            "arn": "arn:aws:ec2:ap-south-2:739275440360:internet-gateway/igw-01a1e6dba37138789",
            "id": "igw-01a1e6dba37138789",
            "owner_id": "739275440360",
            "tags": {
              "Created_By": "Terraform",
              "Name": "hgts_shared_igw"
            },
            "tags_all": {
              "Created_By": "Terraform",
              "Name": "hgts_shared_igw"
            },
            "timeouts": null,
            "vpc_id": "vpc-0933ebef8443809cd"
          },
          "sensitive_attributes": [],
          "private": "eyJlMmJmYjczMC1lY2FhLTExZTYtOGY4OC0zNDM2M2JjN2M0YzAiOnsiY3JlYXRlIjoxMjAwMDAwMDAwMDAwLCJkZWxldGUiOjEyMDAwMDAwMDAwMDAsInVwZGF0ZSI6MTIwMDAwMDAwMDAwMH19",
          "dependencies": [
            "aws_vpc.hgts_shared_vpc"
          ]
        }
      ]
    },
    {
      "mode": "managed",
      "type": "aws_key_pair",
      "name": "hgts_shared_keypair",
      "provider": "provider[\"registry.terraform.io/hashicorp/aws\"]",
      "instances": [
        {
          "schema_version": 1,
          "attributes": {
            "arn": "arn:aws:ec2:ap-south-2:739275440360:key-pair/hgts-shared-preprod",
            "fingerprint": "c5:17:8d:9b:e9:83:0c:56:cf:5b:79:17:b5:4a:b5:4b",
            "id": "hgts-shared-preprod",
            "key_name": "hgts-shared-preprod",
            "key_name_prefix": "",
            "key_pair_id": "key-01540d9d907dba12d",
            "key_type": "rsa",
            "public_key": "ssh-rsa AAAAB3NzaC1yc2EAAAADAQABAAACAQDaUKXPvv8ChQFths3mLFGpE/p3/6B5Eq4Ef0+GW03ysQMD+qNEYQZjItAdl1joMmBOqAO3gLlvmyjSRBJ9G5PKt576AZliUKAqIgy9HFSvtjzrwn3lZx3c/p8+r5oAfQQ+EEzUl//GWFZy8D1CWgwxUPxkOXXbIekkXfd1lXzebFJpMbTbvzIlYZE9agS9mZREmgrbXwM0GlPxcjpop71Ug/02kigi2spIlzCzsOaAUTgVNU9OgZdoNuwBUD3JbK69Wty9GgjaaP16Isg+elixo48+SEtqFUO6TG+L96i+9uQihFtXDlUoO9xQ6oqQRfpUAwLD3I+g6m0vMuJXCHo6XdhmoKBFqu753yROFF+Cu8Fmhrq6NWsC9XSj9OAyahazL8kdLIN3s00/MjagQFOCwCUbLgL7gpqyBiHBHx2X1a9eOcqgYggS+NWUPn36g/Afxh9hb57Ka2dhHv+b4j8oDSpJk0PF1KFqkINP7yTAAZ7HtfJZwT/dJ67/xyqbeLfo498xmLpzu8ODEkjcdj7tw1x/dbfvGPh3CWnrzFGVaYJKbljO0D8bEam9xpxDTfWiU31xJ0h+BHWtm84x+zO1Am6VzKtacv29/F9zT5abgLdf6T2JV16TgGftw1HyxoHV6GBki7Crk6YOdFZJ147/L3HBZD7xvPJPGuPh4XR6CQ==",
            "tags": {},
            "tags_all": {}
          },
          "sensitive_attributes": [],
          "private": "eyJzY2hlbWFfdmVyc2lvbiI6IjEifQ==",
          "dependencies": [
            "tls_private_key.hgts_shared_key"
          ]
        }
      ]
    },
    {
      "mode": "managed",
      "type": "aws_nat_gateway",
      "name": "hgts_shared_gw",
      "provider": "provider[\"registry.terraform.io/hashicorp/aws\"]",
      "instances": [
        {
          "schema_version": 0,
          "attributes": {
            "allocation_id": "eipalloc-0902888e29f110be2",
            "association_id": "eipassoc-080f43cd5d3369199",
            "connectivity_type": "public",
            "id": "nat-0af570f7c80671ecf",
            "network_interface_id": "eni-0461a46962d8a38cb",
            "private_ip": "10.0.1.5",
            "public_ip": "40.192.22.106",
            "secondary_allocation_ids": [],
            "secondary_private_ip_address_count": 0,
            "secondary_private_ip_addresses": [],
            "subnet_id": "subnet-06d752f47974dd9e8",
            "tags": {
              "Createdby": "Terraform",
              "Name": "Nat Gateway"
            },
            "tags_all": {
              "Createdby": "Terraform",
              "Name": "Nat Gateway"
            },
            "timeouts": null
          },
          "sensitive_attributes": [],
          "private": "eyJlMmJmYjczMC1lY2FhLTExZTYtOGY4OC0zNDM2M2JjN2M0YzAiOnsiY3JlYXRlIjo2MDAwMDAwMDAwMDAsImRlbGV0ZSI6MTgwMDAwMDAwMDAwMCwidXBkYXRlIjo2MDAwMDAwMDAwMDB9fQ==",
          "dependencies": [
            "aws_eip.hgts_shared_eip",
            "aws_subnet.hgts_shared_public_subnet1",
            "aws_vpc.hgts_shared_vpc"
          ]
        }
      ]
    },
    {
      "mode": "managed",
      "type": "aws_network_acl",
      "name": "hgts_shared_nsg",
      "provider": "provider[\"registry.terraform.io/hashicorp/aws\"]",
      "instances": [
        {
          "schema_version": 0,
          "attributes": {
            "arn": "arn:aws:ec2:ap-south-2:739275440360:network-acl/acl-077bdbba92cdf90fe",
            "egress": [
              {
                "action": "allow",
                "cidr_block": "0.0.0.0/0",
                "from_port": 0,
                "icmp_code": 0,
                "icmp_type": 0,
                "ipv6_cidr_block": "",
                "protocol": "6",
                "rule_no": 100,
                "to_port": 65535
              }
            ],
            "id": "acl-077bdbba92cdf90fe",
            "ingress": [
              {
                "action": "allow",
                "cidr_block": "0.0.0.0/0",
                "from_port": 0,
                "icmp_code": 0,
                "icmp_type": 0,
                "ipv6_cidr_block": "",
                "protocol": "6",
                "rule_no": 100,
                "to_port": 65535
              }
            ],
            "owner_id": "739275440360",
            "subnet_ids": [
              "subnet-035121ddf6a619509",
              "subnet-06719fa18cbe5d1b2",
              "subnet-06d752f47974dd9e8",
              "subnet-0a591c39af6c477fd"
            ],
            "tags": {
              "Name": "hgts_shared_nsg",
              "createdby": "Terraform"
            },
            "tags_all": {
              "Name": "hgts_shared_nsg",
              "createdby": "Terraform"
            },
            "vpc_id": "vpc-0933ebef8443809cd"
          },
          "sensitive_attributes": [],
          "private": "bnVsbA==",
          "dependencies": [
            "aws_subnet.hgts_shared_private_subnet1",
            "aws_subnet.hgts_shared_private_subnet2",
            "aws_subnet.hgts_shared_public_subnet1",
            "aws_subnet.hgts_shared_public_subnet2",
            "aws_vpc.hgts_shared_vpc"
          ]
        }
      ]
    },
    {
      "mode": "managed",
      "type": "aws_route",
      "name": "hgts_shared_rtb_igw",
      "provider": "provider[\"registry.terraform.io/hashicorp/aws\"]",
      "instances": [
        {
          "schema_version": 0,
          "attributes": {
            "carrier_gateway_id": "",
            "core_network_arn": "",
            "destination_cidr_block": "0.0.0.0/0",
            "destination_ipv6_cidr_block": "",
            "destination_prefix_list_id": "",
            "egress_only_gateway_id": "",
            "gateway_id": "igw-01a1e6dba37138789",
            "id": "r-rtb-0e4640a038b6d7a251080289494",
            "instance_id": "",
            "instance_owner_id": "",
            "local_gateway_id": "",
            "nat_gateway_id": "",
            "network_interface_id": "",
            "origin": "CreateRoute",
            "route_table_id": "rtb-0e4640a038b6d7a25",
            "state": "active",
            "timeouts": null,
            "transit_gateway_id": "",
            "vpc_endpoint_id": "",
            "vpc_peering_connection_id": ""
          },
          "sensitive_attributes": [],
          "private": "eyJlMmJmYjczMC1lY2FhLTExZTYtOGY4OC0zNDM2M2JjN2M0YzAiOnsiY3JlYXRlIjozMDAwMDAwMDAwMDAsImRlbGV0ZSI6MzAwMDAwMDAwMDAwLCJ1cGRhdGUiOjEyMDAwMDAwMDAwMH19",
          "dependencies": [
            "aws_internet_gateway.hgts_shared_igw",
            "aws_route_table.hgts_shared_rtb_public",
            "aws_vpc.hgts_shared_vpc"
          ]
        }
      ]
    },
    {
      "mode": "managed",
      "type": "aws_route",
      "name": "hgts_shared_rtb_private_gw",
      "provider": "provider[\"registry.terraform.io/hashicorp/aws\"]",
      "instances": [
        {
          "schema_version": 0,
          "attributes": {
            "carrier_gateway_id": "",
            "core_network_arn": "",
            "destination_cidr_block": "0.0.0.0/0",
            "destination_ipv6_cidr_block": "",
            "destination_prefix_list_id": "",
            "egress_only_gateway_id": "",
            "gateway_id": "",
            "id": "r-rtb-0facb5c897982df951080289494",
            "instance_id": "",
            "instance_owner_id": "",
            "local_gateway_id": "",
            "nat_gateway_id": "nat-0af570f7c80671ecf",
            "network_interface_id": "",
            "origin": "CreateRoute",
            "route_table_id": "rtb-0facb5c897982df95",
            "state": "active",
            "timeouts": null,
            "transit_gateway_id": "",
            "vpc_endpoint_id": "",
            "vpc_peering_connection_id": ""
          },
          "sensitive_attributes": [],
          "private": "eyJlMmJmYjczMC1lY2FhLTExZTYtOGY4OC0zNDM2M2JjN2M0YzAiOnsiY3JlYXRlIjozMDAwMDAwMDAwMDAsImRlbGV0ZSI6MzAwMDAwMDAwMDAwLCJ1cGRhdGUiOjEyMDAwMDAwMDAwMH19",
          "dependencies": [
            "aws_eip.hgts_shared_eip",
            "aws_nat_gateway.hgts_shared_gw",
            "aws_route_table.hgts_shared_rtb_private",
            "aws_subnet.hgts_shared_public_subnet1",
            "aws_vpc.hgts_shared_vpc"
          ]
        }
      ]
    },
    {
      "mode": "managed",
      "type": "aws_route_table",
      "name": "hgts_shared_rtb_private",
      "provider": "provider[\"registry.terraform.io/hashicorp/aws\"]",
      "instances": [
        {
          "schema_version": 0,
          "attributes": {
            "arn": "arn:aws:ec2:ap-south-2:739275440360:route-table/rtb-0facb5c897982df95",
            "id": "rtb-0facb5c897982df95",
            "owner_id": "739275440360",
            "propagating_vgws": [],
            "route": [
              {
                "carrier_gateway_id": "",
                "cidr_block": "0.0.0.0/0",
                "core_network_arn": "",
                "destination_prefix_list_id": "",
                "egress_only_gateway_id": "",
                "gateway_id": "",
                "ipv6_cidr_block": "",
                "local_gateway_id": "",
                "nat_gateway_id": "nat-0af570f7c80671ecf",
                "network_interface_id": "",
                "transit_gateway_id": "",
                "vpc_endpoint_id": "",
                "vpc_peering_connection_id": ""
              }
            ],
            "tags": {
              "Created_By": "Teerraform",
              "Name": "hgts_shared_rtb_private"
            },
            "tags_all": {
              "Created_By": "Teerraform",
              "Name": "hgts_shared_rtb_private"
            },
            "timeouts": null,
            "vpc_id": "vpc-0933ebef8443809cd"
          },
          "sensitive_attributes": [],
          "private": "eyJlMmJmYjczMC1lY2FhLTExZTYtOGY4OC0zNDM2M2JjN2M0YzAiOnsiY3JlYXRlIjozMDAwMDAwMDAwMDAsImRlbGV0ZSI6MzAwMDAwMDAwMDAwLCJ1cGRhdGUiOjEyMDAwMDAwMDAwMH19",
          "dependencies": [
            "aws_vpc.hgts_shared_vpc"
          ]
        }
      ]
    },
    {
      "mode": "managed",
      "type": "aws_route_table",
      "name": "hgts_shared_rtb_public",
      "provider": "provider[\"registry.terraform.io/hashicorp/aws\"]",
      "instances": [
        {
          "schema_version": 0,
          "attributes": {
            "arn": "arn:aws:ec2:ap-south-2:739275440360:route-table/rtb-0e4640a038b6d7a25",
            "id": "rtb-0e4640a038b6d7a25",
            "owner_id": "739275440360",
            "propagating_vgws": [],
            "route": [
              {
                "carrier_gateway_id": "",
                "cidr_block": "0.0.0.0/0",
                "core_network_arn": "",
                "destination_prefix_list_id": "",
                "egress_only_gateway_id": "",
                "gateway_id": "igw-01a1e6dba37138789",
                "ipv6_cidr_block": "",
                "local_gateway_id": "",
                "nat_gateway_id": "",
                "network_interface_id": "",
                "transit_gateway_id": "",
                "vpc_endpoint_id": "",
                "vpc_peering_connection_id": ""
              }
            ],
            "tags": {
              "Created_By": "Teerraform",
              "Name": "hgts_shared_rtb_public"
            },
            "tags_all": {
              "Created_By": "Teerraform",
              "Name": "hgts_shared_rtb_public"
            },
            "timeouts": null,
            "vpc_id": "vpc-0933ebef8443809cd"
          },
          "sensitive_attributes": [],
          "private": "eyJlMmJmYjczMC1lY2FhLTExZTYtOGY4OC0zNDM2M2JjN2M0YzAiOnsiY3JlYXRlIjozMDAwMDAwMDAwMDAsImRlbGV0ZSI6MzAwMDAwMDAwMDAwLCJ1cGRhdGUiOjEyMDAwMDAwMDAwMH19",
          "dependencies": [
            "aws_vpc.hgts_shared_vpc"
          ]
        }
      ]
    },
    {
      "mode": "managed",
      "type": "aws_route_table_association",
      "name": "hgts_shared_subnet_association1",
      "provider": "provider[\"registry.terraform.io/hashicorp/aws\"]",
      "instances": [
        {
          "schema_version": 0,
          "attributes": {
            "gateway_id": "",
            "id": "rtbassoc-0c7eb8fe5a8ebd49f",
            "route_table_id": "rtb-0e4640a038b6d7a25",
            "subnet_id": "subnet-06d752f47974dd9e8",
            "timeouts": null
          },
          "sensitive_attributes": [],
          "private": "eyJlMmJmYjczMC1lY2FhLTExZTYtOGY4OC0zNDM2M2JjN2M0YzAiOnsiY3JlYXRlIjozMDAwMDAwMDAwMDAsImRlbGV0ZSI6MzAwMDAwMDAwMDAwLCJ1cGRhdGUiOjEyMDAwMDAwMDAwMH19",
          "dependencies": [
            "aws_route_table.hgts_shared_rtb_public",
            "aws_subnet.hgts_shared_public_subnet1",
            "aws_vpc.hgts_shared_vpc"
          ]
        }
      ]
    },
    {
      "mode": "managed",
      "type": "aws_route_table_association",
      "name": "hgts_shared_subnet_association2",
      "provider": "provider[\"registry.terraform.io/hashicorp/aws\"]",
      "instances": [
        {
          "schema_version": 0,
          "attributes": {
            "gateway_id": "",
            "id": "rtbassoc-041b505117a83b951",
            "route_table_id": "rtb-0e4640a038b6d7a25",
            "subnet_id": "subnet-035121ddf6a619509",
            "timeouts": null
          },
          "sensitive_attributes": [],
          "private": "eyJlMmJmYjczMC1lY2FhLTExZTYtOGY4OC0zNDM2M2JjN2M0YzAiOnsiY3JlYXRlIjozMDAwMDAwMDAwMDAsImRlbGV0ZSI6MzAwMDAwMDAwMDAwLCJ1cGRhdGUiOjEyMDAwMDAwMDAwMH19",
          "dependencies": [
            "aws_route_table.hgts_shared_rtb_public",
            "aws_subnet.hgts_shared_public_subnet2",
            "aws_vpc.hgts_shared_vpc"
          ]
        }
      ]
    },
    {
      "mode": "managed",
      "type": "aws_route_table_association",
      "name": "hgts_shared_subnet_association3",
      "provider": "provider[\"registry.terraform.io/hashicorp/aws\"]",
      "instances": [
        {
          "schema_version": 0,
          "attributes": {
            "gateway_id": "",
            "id": "rtbassoc-0d66b896fb87b469f",
            "route_table_id": "rtb-0facb5c897982df95",
            "subnet_id": "subnet-0a591c39af6c477fd",
            "timeouts": null
          },
          "sensitive_attributes": [],
          "private": "eyJlMmJmYjczMC1lY2FhLTExZTYtOGY4OC0zNDM2M2JjN2M0YzAiOnsiY3JlYXRlIjozMDAwMDAwMDAwMDAsImRlbGV0ZSI6MzAwMDAwMDAwMDAwLCJ1cGRhdGUiOjEyMDAwMDAwMDAwMH19",
          "dependencies": [
            "aws_route_table.hgts_shared_rtb_private",
            "aws_subnet.hgts_shared_private_subnet1",
            "aws_vpc.hgts_shared_vpc"
          ]
        }
      ]
    },
    {
      "mode": "managed",
      "type": "aws_route_table_association",
      "name": "hgts_shared_subnet_association4",
      "provider": "provider[\"registry.terraform.io/hashicorp/aws\"]",
      "instances": [
        {
          "schema_version": 0,
          "attributes": {
            "gateway_id": "",
            "id": "rtbassoc-0463afcff54753b07",
            "route_table_id": "rtb-0facb5c897982df95",
            "subnet_id": "subnet-06719fa18cbe5d1b2",
            "timeouts": null
          },
          "sensitive_attributes": [],
          "private": "eyJlMmJmYjczMC1lY2FhLTExZTYtOGY4OC0zNDM2M2JjN2M0YzAiOnsiY3JlYXRlIjozMDAwMDAwMDAwMDAsImRlbGV0ZSI6MzAwMDAwMDAwMDAwLCJ1cGRhdGUiOjEyMDAwMDAwMDAwMH19",
          "dependencies": [
            "aws_route_table.hgts_shared_rtb_private",
            "aws_subnet.hgts_shared_private_subnet2",
            "aws_vpc.hgts_shared_vpc"
          ]
        }
      ]
    },
    {
      "mode": "managed",
      "type": "aws_s3_bucket",
      "name": "hgts_shared_statefile",
      "provider": "provider[\"registry.terraform.io/hashicorp/aws\"]",
      "instances": [
        {
          "schema_version": 0,
          "attributes": {
            "acceleration_status": "",
            "acl": null,
            "arn": "arn:aws:s3:::hgts-tf-statefiles",
            "bucket": "hgts-tf-statefiles",
            "bucket_domain_name": "hgts-tf-statefiles.s3.amazonaws.com",
            "bucket_prefix": "",
            "bucket_regional_domain_name": "hgts-tf-statefiles.s3.ap-south-2.amazonaws.com",
            "cors_rule": [],
            "force_destroy": false,
            "grant": [
              {
                "id": "87afc9fff88b956e50e99b3ccf51691f75b73c68cfe8df3a2ecec5d2c202b828",
                "permissions": [
                  "FULL_CONTROL"
                ],
                "type": "CanonicalUser",
                "uri": ""
              }
            ],
            "hosted_zone_id": "Z02976202B4EZMXIPMXF7",
            "id": "hgts-tf-statefiles",
            "lifecycle_rule": [],
            "logging": [],
            "object_lock_configuration": [],
            "object_lock_enabled": false,
            "policy": "",
            "region": "ap-south-2",
            "replication_configuration": [],
            "request_payer": "BucketOwner",
            "server_side_encryption_configuration": [
              {
                "rule": [
                  {
                    "apply_server_side_encryption_by_default": [
                      {
                        "kms_master_key_id": "",
                        "sse_algorithm": "AES256"
                      }
                    ],
                    "bucket_key_enabled": false
                  }
                ]
              }
            ],
            "tags": null,
            "tags_all": {},
            "timeouts": null,
            "versioning": [
              {
                "enabled": false,
                "mfa_delete": false
              }
            ],
            "website": [],
            "website_domain": null,
            "website_endpoint": null
          },
          "sensitive_attributes": [],
          "private": "eyJlMmJmYjczMC1lY2FhLTExZTYtOGY4OC0zNDM2M2JjN2M0YzAiOnsiY3JlYXRlIjoxMjAwMDAwMDAwMDAwLCJkZWxldGUiOjM2MDAwMDAwMDAwMDAsInJlYWQiOjEyMDAwMDAwMDAwMDAsInVwZGF0ZSI6MTIwMDAwMDAwMDAwMH19"
        }
      ]
    },
    {
      "mode": "managed",
      "type": "aws_s3_bucket_public_access_block",
      "name": "hgts_public_access",
      "provider": "provider[\"registry.terraform.io/hashicorp/aws\"]",
      "instances": [
        {
          "schema_version": 0,
          "attributes": {
            "block_public_acls": true,
            "block_public_policy": true,
            "bucket": "hgts-tf-statefiles",
            "id": "hgts-tf-statefiles",
            "ignore_public_acls": true,
            "restrict_public_buckets": true
          },
          "sensitive_attributes": [],
          "private": "bnVsbA==",
          "dependencies": [
            "aws_s3_bucket.hgts_shared_statefile"
          ]
        }
      ]
    },
    {
      "mode": "managed",
      "type": "aws_s3_bucket_versioning",
      "name": "hgts_version",
      "provider": "provider[\"registry.terraform.io/hashicorp/aws\"]",
      "instances": [
        {
          "schema_version": 0,
          "attributes": {
            "bucket": "hgts-tf-statefiles",
            "expected_bucket_owner": "",
            "id": "hgts-tf-statefiles",
            "mfa": null,
            "versioning_configuration": [
              {
                "mfa_delete": "",
                "status": "Enabled"
              }
            ]
          },
          "sensitive_attributes": [],
          "private": "bnVsbA==",
          "dependencies": [
            "aws_s3_bucket.hgts_shared_statefile"
          ]
        }
      ]
    },
    {
      "mode": "managed",
      "type": "aws_security_group",
      "name": "hgts_shared_linux_sg",
      "provider": "provider[\"registry.terraform.io/hashicorp/aws\"]",
      "instances": [
        {
          "schema_version": 1,
          "attributes": {
            "arn": "arn:aws:ec2:ap-south-2:739275440360:security-group/sg-0ac5b84a88a2c0ee8",
            "description": "To Allow SSH From IPV4 Devices",
            "egress": [
              {
                "cidr_blocks": [
                  "0.0.0.0/0"
                ],
                "description": "",
                "from_port": 0,
                "ipv6_cidr_blocks": [],
                "prefix_list_ids": [],
                "protocol": "-1",
                "security_groups": [],
                "self": false,
                "to_port": 0
              }
            ],
            "id": "sg-0ac5b84a88a2c0ee8",
            "ingress": [
              {
                "cidr_blocks": [
                  "0.0.0.0/0"
                ],
                "description": "",
                "from_port": 22,
                "ipv6_cidr_blocks": [],
                "prefix_list_ids": [],
                "protocol": "tcp",
                "security_groups": [],
                "self": false,
                "to_port": 22
              }
            ],
            "name": "hgts_shared_linux_sg",
            "name_prefix": "",
            "owner_id": "739275440360",
            "revoke_rules_on_delete": false,
            "tags": {
              "Description": "hgts_shared allow SSH",
              "Name": "hgts_shared_sg_linux",
              "createdby": "terraform"
            },
            "tags_all": {
              "Description": "hgts_shared allow SSH",
              "Name": "hgts_shared_sg_linux",
              "createdby": "terraform"
            },
            "timeouts": null,
            "vpc_id": "vpc-0933ebef8443809cd"
          },
          "sensitive_attributes": [],
          "private": "eyJlMmJmYjczMC1lY2FhLTExZTYtOGY4OC0zNDM2M2JjN2M0YzAiOnsiY3JlYXRlIjo2MDAwMDAwMDAwMDAsImRlbGV0ZSI6OTAwMDAwMDAwMDAwfSwic2NoZW1hX3ZlcnNpb24iOiIxIn0=",
          "dependencies": [
            "aws_vpc.hgts_shared_vpc"
          ]
        }
      ]
    },
    {
      "mode": "managed",
      "type": "aws_security_group",
      "name": "hgts_shared_web_sg",
      "provider": "provider[\"registry.terraform.io/hashicorp/aws\"]",
      "instances": [
        {
          "schema_version": 1,
          "attributes": {
            "arn": "arn:aws:ec2:ap-south-2:739275440360:security-group/sg-0646b6efcae79d037",
            "description": "To Allow SSH From IPV4 Devices",
            "egress": [
              {
                "cidr_blocks": [
                  "0.0.0.0/0"
                ],
                "description": "",
                "from_port": 0,
                "ipv6_cidr_blocks": [],
                "prefix_list_ids": [],
                "protocol": "-1",
                "security_groups": [],
                "self": false,
                "to_port": 0
              }
            ],
            "id": "sg-0646b6efcae79d037",
            "ingress": [
              {
                "cidr_blocks": [
                  "0.0.0.0/0"
                ],
                "description": "",
                "from_port": 22,
                "ipv6_cidr_blocks": [],
                "prefix_list_ids": [],
                "protocol": "tcp",
                "security_groups": [],
                "self": false,
                "to_port": 22
              },
              {
                "cidr_blocks": [
                  "0.0.0.0/0"
                ],
                "description": "",
                "from_port": 3389,
                "ipv6_cidr_blocks": [],
                "prefix_list_ids": [],
                "protocol": "tcp",
                "security_groups": [],
                "self": false,
                "to_port": 3389
              },
              {
                "cidr_blocks": [
                  "0.0.0.0/0"
                ],
                "description": "",
                "from_port": 80,
                "ipv6_cidr_blocks": [],
                "prefix_list_ids": [],
                "protocol": "tcp",
                "security_groups": [],
                "self": false,
                "to_port": 80
              }
            ],
            "name": "hgts_shared_web_sg",
            "name_prefix": "",
            "owner_id": "739275440360",
            "revoke_rules_on_delete": false,
            "tags": {
              "Description": "hgts_shared allow SSH - RDP - HTTP and Jenkins",
              "Name": "hgts_shared_sg",
              "createdby": "terraform"
            },
            "tags_all": {
              "Description": "hgts_shared allow SSH - RDP - HTTP and Jenkins",
              "Name": "hgts_shared_sg",
              "createdby": "terraform"
            },
            "timeouts": null,
            "vpc_id": "vpc-0933ebef8443809cd"
          },
          "sensitive_attributes": [],
          "private": "eyJlMmJmYjczMC1lY2FhLTExZTYtOGY4OC0zNDM2M2JjN2M0YzAiOnsiY3JlYXRlIjo2MDAwMDAwMDAwMDAsImRlbGV0ZSI6OTAwMDAwMDAwMDAwfSwic2NoZW1hX3ZlcnNpb24iOiIxIn0=",
          "dependencies": [
            "aws_vpc.hgts_shared_vpc"
          ]
        }
      ]
    },
    {
      "mode": "managed",
      "type": "aws_security_group",
      "name": "hgts_shared_windows_sg",
      "provider": "provider[\"registry.terraform.io/hashicorp/aws\"]",
      "instances": [
        {
          "schema_version": 1,
          "attributes": {
            "arn": "arn:aws:ec2:ap-south-2:739275440360:security-group/sg-0c3ed87eb6b26b75e",
            "description": "To Allow RDP From IPV4 Devices",
            "egress": [
              {
                "cidr_blocks": [
                  "0.0.0.0/0"
                ],
                "description": "",
                "from_port": 0,
                "ipv6_cidr_blocks": [],
                "prefix_list_ids": [],
                "protocol": "-1",
                "security_groups": [],
                "self": false,
                "to_port": 0
              }
            ],
            "id": "sg-0c3ed87eb6b26b75e",
            "ingress": [
              {
                "cidr_blocks": [
                  "0.0.0.0/0"
                ],
                "description": "",
                "from_port": 3389,
                "ipv6_cidr_blocks": [],
                "prefix_list_ids": [],
                "protocol": "tcp",
                "security_groups": [],
                "self": false,
                "to_port": 3389
              }
            ],
            "name": "hgts_shared_windows_sg",
            "name_prefix": "",
            "owner_id": "739275440360",
            "revoke_rules_on_delete": false,
            "tags": {
              "Description": "hgts_shared allow RDP",
              "Name": "sg_hgts_shared_windows",
              "createdby": "terraform"
            },
            "tags_all": {
              "Description": "hgts_shared allow RDP",
              "Name": "sg_hgts_shared_windows",
              "createdby": "terraform"
            },
            "timeouts": null,
            "vpc_id": "vpc-0933ebef8443809cd"
          },
          "sensitive_attributes": [],
          "private": "eyJlMmJmYjczMC1lY2FhLTExZTYtOGY4OC0zNDM2M2JjN2M0YzAiOnsiY3JlYXRlIjo2MDAwMDAwMDAwMDAsImRlbGV0ZSI6OTAwMDAwMDAwMDAwfSwic2NoZW1hX3ZlcnNpb24iOiIxIn0=",
          "dependencies": [
            "aws_vpc.hgts_shared_vpc"
          ]
        }
      ]
    },
    {
      "mode": "managed",
      "type": "aws_subnet",
      "name": "hgts_shared_private_subnet1",
      "provider": "provider[\"registry.terraform.io/hashicorp/aws\"]",
      "instances": [
        {
          "schema_version": 1,
          "attributes": {
            "arn": "arn:aws:ec2:ap-south-2:739275440360:subnet/subnet-0a591c39af6c477fd",
            "assign_ipv6_address_on_creation": false,
            "availability_zone": "ap-south-2a",
            "availability_zone_id": "aps2-az1",
            "cidr_block": "10.0.3.0/24",
            "customer_owned_ipv4_pool": "",
            "enable_dns64": false,
            "enable_lni_at_device_index": 0,
            "enable_resource_name_dns_a_record_on_launch": false,
            "enable_resource_name_dns_aaaa_record_on_launch": false,
            "id": "subnet-0a591c39af6c477fd",
            "ipv6_cidr_block": "",
            "ipv6_cidr_block_association_id": "",
            "ipv6_native": false,
            "map_customer_owned_ip_on_launch": false,
            "map_public_ip_on_launch": false,
            "outpost_arn": "",
            "owner_id": "739275440360",
            "private_dns_hostname_type_on_launch": "ip-name",
            "tags": {
              "Name": "hgts_shared_private_subnet1",
              "created_by": "Terraform"
            },
            "tags_all": {
              "Name": "hgts_shared_private_subnet1",
              "created_by": "Terraform"
            },
            "timeouts": null,
            "vpc_id": "vpc-0933ebef8443809cd"
          },
          "sensitive_attributes": [],
          "private": "eyJlMmJmYjczMC1lY2FhLTExZTYtOGY4OC0zNDM2M2JjN2M0YzAiOnsiY3JlYXRlIjo2MDAwMDAwMDAwMDAsImRlbGV0ZSI6MTIwMDAwMDAwMDAwMH0sInNjaGVtYV92ZXJzaW9uIjoiMSJ9",
          "dependencies": [
            "aws_vpc.hgts_shared_vpc"
          ]
        }
      ]
    },
    {
      "mode": "managed",
      "type": "aws_subnet",
      "name": "hgts_shared_private_subnet2",
      "provider": "provider[\"registry.terraform.io/hashicorp/aws\"]",
      "instances": [
        {
          "schema_version": 1,
          "attributes": {
            "arn": "arn:aws:ec2:ap-south-2:739275440360:subnet/subnet-06719fa18cbe5d1b2",
            "assign_ipv6_address_on_creation": false,
            "availability_zone": "ap-south-2b",
            "availability_zone_id": "aps2-az2",
            "cidr_block": "10.0.4.0/24",
            "customer_owned_ipv4_pool": "",
            "enable_dns64": false,
            "enable_lni_at_device_index": 0,
            "enable_resource_name_dns_a_record_on_launch": false,
            "enable_resource_name_dns_aaaa_record_on_launch": false,
            "id": "subnet-06719fa18cbe5d1b2",
            "ipv6_cidr_block": "",
            "ipv6_cidr_block_association_id": "",
            "ipv6_native": false,
            "map_customer_owned_ip_on_launch": false,
            "map_public_ip_on_launch": false,
            "outpost_arn": "",
            "owner_id": "739275440360",
            "private_dns_hostname_type_on_launch": "ip-name",
            "tags": {
              "Name": "hgts_shared_private_subnet2",
              "created_by": "Terraform"
            },
            "tags_all": {
              "Name": "hgts_shared_private_subnet2",
              "created_by": "Terraform"
            },
            "timeouts": null,
            "vpc_id": "vpc-0933ebef8443809cd"
          },
          "sensitive_attributes": [],
          "private": "eyJlMmJmYjczMC1lY2FhLTExZTYtOGY4OC0zNDM2M2JjN2M0YzAiOnsiY3JlYXRlIjo2MDAwMDAwMDAwMDAsImRlbGV0ZSI6MTIwMDAwMDAwMDAwMH0sInNjaGVtYV92ZXJzaW9uIjoiMSJ9",
          "dependencies": [
            "aws_vpc.hgts_shared_vpc"
          ]
        }
      ]
    },
    {
      "mode": "managed",
      "type": "aws_subnet",
      "name": "hgts_shared_public_subnet1",
      "provider": "provider[\"registry.terraform.io/hashicorp/aws\"]",
      "instances": [
        {
          "schema_version": 1,
          "attributes": {
            "arn": "arn:aws:ec2:ap-south-2:739275440360:subnet/subnet-06d752f47974dd9e8",
            "assign_ipv6_address_on_creation": false,
            "availability_zone": "ap-south-2a",
            "availability_zone_id": "aps2-az1",
            "cidr_block": "10.0.1.0/28",
            "customer_owned_ipv4_pool": "",
            "enable_dns64": false,
            "enable_lni_at_device_index": 0,
            "enable_resource_name_dns_a_record_on_launch": false,
            "enable_resource_name_dns_aaaa_record_on_launch": false,
            "id": "subnet-06d752f47974dd9e8",
            "ipv6_cidr_block": "",
            "ipv6_cidr_block_association_id": "",
            "ipv6_native": false,
            "map_customer_owned_ip_on_launch": false,
            "map_public_ip_on_launch": true,
            "outpost_arn": "",
            "owner_id": "739275440360",
            "private_dns_hostname_type_on_launch": "ip-name",
            "tags": {
              "Name": "hgts_shared_public_subnet",
              "created_by": "Terraform"
            },
            "tags_all": {
              "Name": "hgts_shared_public_subnet",
              "created_by": "Terraform"
            },
            "timeouts": null,
            "vpc_id": "vpc-0933ebef8443809cd"
          },
          "sensitive_attributes": [],
          "private": "eyJlMmJmYjczMC1lY2FhLTExZTYtOGY4OC0zNDM2M2JjN2M0YzAiOnsiY3JlYXRlIjo2MDAwMDAwMDAwMDAsImRlbGV0ZSI6MTIwMDAwMDAwMDAwMH0sInNjaGVtYV92ZXJzaW9uIjoiMSJ9",
          "dependencies": [
            "aws_vpc.hgts_shared_vpc"
          ]
        }
      ]
    },
    {
      "mode": "managed",
      "type": "aws_subnet",
      "name": "hgts_shared_public_subnet2",
      "provider": "provider[\"registry.terraform.io/hashicorp/aws\"]",
      "instances": [
        {
          "schema_version": 1,
          "attributes": {
            "arn": "arn:aws:ec2:ap-south-2:739275440360:subnet/subnet-035121ddf6a619509",
            "assign_ipv6_address_on_creation": false,
            "availability_zone": "ap-south-2b",
            "availability_zone_id": "aps2-az2",
            "cidr_block": "10.0.2.0/28",
            "customer_owned_ipv4_pool": "",
            "enable_dns64": false,
            "enable_lni_at_device_index": 0,
            "enable_resource_name_dns_a_record_on_launch": false,
            "enable_resource_name_dns_aaaa_record_on_launch": false,
            "id": "subnet-035121ddf6a619509",
            "ipv6_cidr_block": "",
            "ipv6_cidr_block_association_id": "",
            "ipv6_native": false,
            "map_customer_owned_ip_on_launch": false,
            "map_public_ip_on_launch": true,
            "outpost_arn": "",
            "owner_id": "739275440360",
            "private_dns_hostname_type_on_launch": "ip-name",
            "tags": {
              "Name": "hgts_shared_public_subnet",
              "created_by": "Terraform"
            },
            "tags_all": {
              "Name": "hgts_shared_public_subnet",
              "created_by": "Terraform"
            },
            "timeouts": null,
            "vpc_id": "vpc-0933ebef8443809cd"
          },
          "sensitive_attributes": [],
          "private": "eyJlMmJmYjczMC1lY2FhLTExZTYtOGY4OC0zNDM2M2JjN2M0YzAiOnsiY3JlYXRlIjo2MDAwMDAwMDAwMDAsImRlbGV0ZSI6MTIwMDAwMDAwMDAwMH0sInNjaGVtYV92ZXJzaW9uIjoiMSJ9",
          "dependencies": [
            "aws_vpc.hgts_shared_vpc"
          ]
        }
      ]
    },
    {
      "mode": "managed",
      "type": "aws_vpc",
      "name": "hgts_shared_vpc",
      "provider": "provider[\"registry.terraform.io/hashicorp/aws\"]",
      "instances": [
        {
          "schema_version": 1,
          "attributes": {
            "arn": "arn:aws:ec2:ap-south-2:739275440360:vpc/vpc-0933ebef8443809cd",
            "assign_generated_ipv6_cidr_block": false,
            "cidr_block": "10.0.0.0/16",
            "default_network_acl_id": "acl-0f083f001b6010ebd",
            "default_route_table_id": "rtb-028ac8ce5a53dfcb0",
            "default_security_group_id": "sg-050377d3f6be5c72e",
            "dhcp_options_id": "dopt-0e1324a82db9a919e",
            "enable_dns_hostnames": true,
            "enable_dns_support": true,
            "enable_network_address_usage_metrics": false,
            "id": "vpc-0933ebef8443809cd",
            "instance_tenancy": "default",
            "ipv4_ipam_pool_id": null,
            "ipv4_netmask_length": null,
            "ipv6_association_id": "",
            "ipv6_cidr_block": "",
            "ipv6_cidr_block_network_border_group": "",
            "ipv6_ipam_pool_id": "",
            "ipv6_netmask_length": 0,
            "main_route_table_id": "rtb-028ac8ce5a53dfcb0",
            "owner_id": "739275440360",
            "tags": {
              "Created_By": "Terraform",
              "Name": "hgts_preprod"
            },
            "tags_all": {
              "Created_By": "Terraform",
              "Name": "hgts_preprod"
            }
          },
          "sensitive_attributes": [],
          "private": "eyJzY2hlbWFfdmVyc2lvbiI6IjEifQ=="
        }
      ]
    },
    {
      "mode": "managed",
      "type": "local_file",
      "name": "private_key",
      "provider": "provider[\"registry.terraform.io/hashicorp/local\"]",
      "instances": [
        {
          "schema_version": 0,
          "attributes": {
            "content": "-----BEGIN RSA PRIVATE KEY-----\nMIIJKAIBAAKCAgEA2lClz77/AoUBbYbN5ixRqRP6d/+geRKuBH9PhltN8rEDA/qj\nRGEGYyLQHZdY6DJgTqgDt4C5b5so0kQSfRuTyree+gGZYlCgKiIMvRxUr7Y868J9\n5Wcd3P6fPq+aAH0EPhBM1Jf/xlhWcvA9QloMMVD8ZDl12yHpJF33dZV83mxSaTG0\n278yJWGRPWoEvZmURJoK218DNBpT8XI6aKe9VIP9NpIoItrKSJcws7DmgFE4FTVP\nToGXaDbsAVA9yWyuvVrcvRoI2mj9eiLIPnpYsaOPPkhLahVDukxvi/eovvbkIoRb\nVw5VKDvcUOqKkEX6VAMCw9yPoOptLzLiVwh6Ol3YZqCgRaru+d8kThRfgrvBZoa6\nujVrAvV0o/TgMmoWsy/JHSyDd7NNPzI2oEBTgsAlGy4C+4KasgYhwR8dl9WvXjnK\noGIIEvjVlD59+oPwH8YfYW+eymtnYR7/m+I/KA0qSZNDxdShapCDT+8kwAGex7Xy\nWcE/3Seu/8cqm3i36OPfMZi6c7vDgxJI3HY+7cNcf3W37xj4dwlp68xRlWmCSm5Y\nztA/GxGpvcacQ031olN9cSdIfgR1rZvOMfsztQJulcyrWnL9vfxfc0+Wm4C3X+k9\niVdek4Bn7cNR8saB1ehgZIuwq5OmDnRWSdeO/y9xwWQ+8bzyTxrj4eF0egkCAwEA\nAQKCAgB+aHIJ30KS9+aCv6pa21CRQPMnJkmJsSo3imvGlPmGS74+QJLmlfN31YGB\nkM+26uxevuQgDZXRrJqvXSEDdcNWfom7os9oYNzMaJjNqyjR8QhHTn9NJC7jdj9I\nsa7PF5QsR43lDvnXo/Cybq5ZzAABUi5B7g9yyajQGOSfHeaGd1wkctaQ4p0rjdnm\nIIwMKG/0ZOliahpVweTXCdgOHwn+dMpaHbjFrb+w1nIpqYVdySlbBlocT+cWPa7b\nd9W+2oI3O/RSPk/f/yi93oPpwTe368eWPZAFJbjolzeDaOw5XoVsAw1MVA001axU\n4elHbm1q1a91LzGu7+42hRUPZeY28S/62K+bkhVy+HdweFvIHvm52iJNwZ0v5nEL\nRws4x3yrU694QOXENXDiKaMetg5QVifcVQOfpXOl6tWJbR3xDppls9ojSPcMhs1c\nRDg7lnQkPqdEsZbgh1ME/CbjZ351NVOFVLB0vahMB5gHRijRtLiRJPesBS9sZ5wl\nljrmjiR6gfJAif8hmQAcPV92fgLzeOOdYeUZ+NfYqmoTIH0ckzp8+58U6HKGTmfA\nvt+S3z1/nSdv9o/OWHekZXNmUnFi9Mpl00V8MKpukGhAHk80LhfLtLCRfcE8PvFx\nHllaYM1PlUpJp7fVOyDhlNW7d1kMrK9pzuNaew2UYr1/f346gQKCAQEA3h/74bpO\n/BnZa9w0EFJLwIiT0N8royT+E3U7ataptpgNHaS44kgP8AEFIo4uPOCB6RVTRi4M\nTumkblQO5XfSVPEtyESOGbMy8d9hRP0pQtpBvvH4fpXBN40P/gnyqGXNqDjsWoiK\n3IiufYj38YwSl/2UF0PyhaXoRVDpZYcTig1B2JyQku8ybgLPnL3vuoEOejKR//DW\npffoiWv6s4nZVFJyc9RtIgZT78r2ZUExRDJr6vAOzHNQUZqNOkG1KY/nqWH08tAQ\n248rh/vw6gi/dplNDcw/4WNn9L1kSbpUCFjyfRNCqYmN+lQBTo9LNCP9nbzxsp4u\n20UQf/hFzPucEQKCAQEA+5vrqzdnEiFmRkt9GXE5hrxIHchYJmGPgCMOtJ3AFUWY\nz+U074Bnv3xKLmKgRXYMyNbW17cciv/mmmeMqFuYZM91I4t82+/w7XR0aoUP5TJR\nel92+0CELbk3vBVyFFxtk0qZYGMkQq7TzuTzxhZtrVjC5KQg+LkKETduGbGH6Wk6\nz55HwSqkoL2HVd1BxEQV6wMzx5DlowerphVCil2ARKjqzn9U8KfsjCgyf/KlntGH\ncKJKQB5/VUyNWIs9tXMA+ch68+pO6c5jNjP4wzy2WluIitKubgkwVY58Va3FFmOo\nur1BY2vR3aHeQ1ZX/6fwKKxeUHelqSm5MiUlmHpWeQKCAQBEDqiuUNdChukHE0Eg\nfxaWt0ITDU3hfsQaUiESaxM0zwG1w3KiYlH/x1A7djTUkjU7pT0Ok61RwGSRKVAn\nHr9jJ0JPyjF/zlgdo8O5z5eE1DqwtpLctiWtT5tGyuV+kzKgCFDirFNfnsFX1U+i\nwrgvuZJWTotQR7UTB+d7JBfohIdYRyBE5OUer93MuKVrD3/QEQ6KzM/3qi2lbWAz\nAlmEbH6E3uFRO38cSaOVApSFwK0wHr1qByrk1eXPo7JOOblRPKJAg1+m5gcAc0Et\nc+C2BeKGB77K4BpJ8n132Y9Fv3sMt4oFSBAoUvTTjTQNlblvSyUDBVR1+oNDsl4w\noCcBAoIBAQCkh03xNRZSNcLyPpS8WVy7rU0fJI338x3qNYJ9OxaLEmqdr40Q/A9b\nmMPNVzLkmRA9GLd+cb/ZaQL7frDsupCJg1te9eycyWbrb5ZcvUwqnN/IvLpKC+Mj\nHxXCCOgDRnlksohfDhV9AWOBzBdYNfxcOUmgR29EFYPuxCdb58ovKF+Luj3Do8Xp\nUmY4EKnb1IXcmsh2PFrdY7urrAVKA2BIBYkdpQf/Il+9Ot/i6OHCW9NMJOOW0BqF\nxbw75Tlh+KTvsVgtPc+CdjJMFGocCQxZQ7eix6fGTn3rxHOrdykEvgBstCsY/z1J\nx3pW4BRFGiUiA6zcw5BxcNYoY0AVWBJJAoIBAAyJs2QbTi8Zy9Oy+uOKV2BF3bK3\n2O9Cdg9Ie+9d+UMPvBRDrZRU53rN073+B2Zrrzj4B87HNOeRWHa1rC1aeWzCl90v\nnjktq0J/R65ZlK8EccPujcOtfBshvvMeswzGyUPh1hG0W/UVi882lCc8ZPrvuvDB\nFBCiNMAXAvoTSiajAzwELXqmPhvQ2VweMZF4VHcIDXhjxNYKR4RyBP3ZDUZOiO1V\n+WSPvQZwRxnKxqaLfgD9BlOW5QLLpCU714YmlCTBivkUaJsJpKEeewRz2dgglKNa\nBKRfMYuBHxKsOkntaPaBiWfCQe68GUwwTEuj4HF8nIGAuftTgu0yytipLTU=\n-----END RSA PRIVATE KEY-----\n",
            "content_base64": null,
            "content_base64sha256": "6Btm7jHXRcGRFl1bl5CbvWVKGIKoBh8fwSLVkmniZrM=",
            "content_base64sha512": "09DiImIbTCNMtatNsl9mkYld49GjNc0hgL0C2xmIcppE8WJWHJIx3bnWk8xjISO6pigNs8SXI4waMJ++w4mCjg==",
            "content_md5": "42c3a02f54e1a78b69c285d14702ccaf",
            "content_sha1": "60dda990985dad01f85ab332f0e04ed8efe25a32",
            "content_sha256": "e81b66ee31d745c191165d5b97909bbd654a1882a8061f1fc122d59269e266b3",
            "content_sha512": "d3d0e222621b4c234cb5ab4db25f6691895de3d1a335cd2180bd02db1988729a44f162561c9231ddb9d693cc632123baa6280db3c497238c1a309fbec389828e",
            "directory_permission": "0777",
            "file_permission": "0400",
            "filename": "./hgts-shared-preprod.pem",
            "id": "60dda990985dad01f85ab332f0e04ed8efe25a32",
            "sensitive_content": null,
            "source": null
          },
          "sensitive_attributes": [
            [
              {
                "type": "get_attr",
                "value": "sensitive_content"
              }
            ],
            [
              {
                "type": "get_attr",
                "value": "content"
              }
            ]
          ],
          "dependencies": [
            "tls_private_key.hgts_shared_key"
          ]
        }
      ]
    },
    {
      "mode": "managed",
      "type": "tls_private_key",
      "name": "hgts_shared_key",
      "provider": "provider[\"registry.terraform.io/hashicorp/tls\"]",
      "instances": [
        {
          "schema_version": 1,
          "attributes": {
            "algorithm": "RSA",
            "ecdsa_curve": "P224",
            "id": "74223e1b122917d6d947083a56fd9ec2bcb52982",
            "private_key_openssh": "-----BEGIN OPENSSH PRIVATE KEY-----\nb3BlbnNzaC1rZXktdjEAAAAABG5vbmUAAAAEbm9uZQAAAAAAAAABAAACFwAAAAdz\nc2gtcnNhAAAAAwEAAQAAAgEA2lClz77/AoUBbYbN5ixRqRP6d/+geRKuBH9PhltN\n8rEDA/qjRGEGYyLQHZdY6DJgTqgDt4C5b5so0kQSfRuTyree+gGZYlCgKiIMvRxU\nr7Y868J95Wcd3P6fPq+aAH0EPhBM1Jf/xlhWcvA9QloMMVD8ZDl12yHpJF33dZV8\n3mxSaTG0278yJWGRPWoEvZmURJoK218DNBpT8XI6aKe9VIP9NpIoItrKSJcws7Dm\ngFE4FTVPToGXaDbsAVA9yWyuvVrcvRoI2mj9eiLIPnpYsaOPPkhLahVDukxvi/eo\nvvbkIoRbVw5VKDvcUOqKkEX6VAMCw9yPoOptLzLiVwh6Ol3YZqCgRaru+d8kThRf\ngrvBZoa6ujVrAvV0o/TgMmoWsy/JHSyDd7NNPzI2oEBTgsAlGy4C+4KasgYhwR8d\nl9WvXjnKoGIIEvjVlD59+oPwH8YfYW+eymtnYR7/m+I/KA0qSZNDxdShapCDT+8k\nwAGex7XyWcE/3Seu/8cqm3i36OPfMZi6c7vDgxJI3HY+7cNcf3W37xj4dwlp68xR\nlWmCSm5YztA/GxGpvcacQ031olN9cSdIfgR1rZvOMfsztQJulcyrWnL9vfxfc0+W\nm4C3X+k9iVdek4Bn7cNR8saB1ehgZIuwq5OmDnRWSdeO/y9xwWQ+8bzyTxrj4eF0\negkAAAc4+ENGdfhDRnUAAAAHc3NoLXJzYQAAAgEA2lClz77/AoUBbYbN5ixRqRP6\nd/+geRKuBH9PhltN8rEDA/qjRGEGYyLQHZdY6DJgTqgDt4C5b5so0kQSfRuTyree\n+gGZYlCgKiIMvRxUr7Y868J95Wcd3P6fPq+aAH0EPhBM1Jf/xlhWcvA9QloMMVD8\nZDl12yHpJF33dZV83mxSaTG0278yJWGRPWoEvZmURJoK218DNBpT8XI6aKe9VIP9\nNpIoItrKSJcws7DmgFE4FTVPToGXaDbsAVA9yWyuvVrcvRoI2mj9eiLIPnpYsaOP\nPkhLahVDukxvi/eovvbkIoRbVw5VKDvcUOqKkEX6VAMCw9yPoOptLzLiVwh6Ol3Y\nZqCgRaru+d8kThRfgrvBZoa6ujVrAvV0o/TgMmoWsy/JHSyDd7NNPzI2oEBTgsAl\nGy4C+4KasgYhwR8dl9WvXjnKoGIIEvjVlD59+oPwH8YfYW+eymtnYR7/m+I/KA0q\nSZNDxdShapCDT+8kwAGex7XyWcE/3Seu/8cqm3i36OPfMZi6c7vDgxJI3HY+7cNc\nf3W37xj4dwlp68xRlWmCSm5YztA/GxGpvcacQ031olN9cSdIfgR1rZvOMfsztQJu\nlcyrWnL9vfxfc0+Wm4C3X+k9iVdek4Bn7cNR8saB1ehgZIuwq5OmDnRWSdeO/y9x\nwWQ+8bzyTxrj4eF0egkAAAADAQABAAACAH5ocgnfQpL35oK/qlrbUJFA8ycmSYmx\nKjeKa8aU+YZLvj5AkuaV83fVgYGQz7bq7F6+5CANldGsmq9dIQN1w1Z+ibuiz2hg\n3MxomM2rKNHxCEdOf00kLuN2P0ixrs8XlCxHjeUO+dej8LJurlnMAAFSLkHuD3LJ\nqNAY5J8d5oZ3XCRy1pDinSuN2eYgjAwob/Rk6WJqGlXB5NcJ2A4fCf50yloduMWt\nv7DWcimphV3JKVsGWhxP5xY9rtt31b7agjc79FI+T9//KL3eg+nBN7frx5Y9kAUl\nuOiXN4No7DlehWwDDUxUDTTVrFTh6UdubWrVr3UvMa7v7jaFFQ9l5jbxL/rYr5uS\nFXL4d3B4W8ge+bnaIk3BnS/mcQtHCzjHfKtTr3hA5cQ1cOIpox62DlBWJ9xVA5+l\nc6Xq1YltHfEOmmWz2iNI9wyGzVxEODuWdCQ+p0SxluCHUwT8JuNnfnU1U4VUsHS9\nqEwHmAdGKNG0uJEk96wFL2xnnCWWOuaOJHqB8kCJ/yGZABw9X3Z+AvN4451h5Rn4\n19iqahMgfRyTOnz7nxTocoZOZ8C+35LfPX+dJ2/2j85Yd6Rlc2ZScWL0ymXTRXww\nqm6QaEAeTzQuF8u0sJF9wTw+8XEeWVpgzU+VSkmnt9U7IOGU1bt3WQysr2nO41p7\nDZRivX9/fjqBAAABAAyJs2QbTi8Zy9Oy+uOKV2BF3bK32O9Cdg9Ie+9d+UMPvBRD\nrZRU53rN073+B2Zrrzj4B87HNOeRWHa1rC1aeWzCl90vnjktq0J/R65ZlK8EccPu\njcOtfBshvvMeswzGyUPh1hG0W/UVi882lCc8ZPrvuvDBFBCiNMAXAvoTSiajAzwE\nLXqmPhvQ2VweMZF4VHcIDXhjxNYKR4RyBP3ZDUZOiO1V+WSPvQZwRxnKxqaLfgD9\nBlOW5QLLpCU714YmlCTBivkUaJsJpKEeewRz2dgglKNaBKRfMYuBHxKsOkntaPaB\niWfCQe68GUwwTEuj4HF8nIGAuftTgu0yytipLTUAAAEBAN4f++G6TvwZ2WvcNBBS\nS8CIk9DfK6Mk/hN1O2rWqbaYDR2kuOJID/ABBSKOLjzggekVU0YuDE7ppG5UDuV3\n0lTxLchEjhmzMvHfYUT9KULaQb7x+H6VwTeND/4J8qhlzag47FqIityIrn2I9/GM\nEpf9lBdD8oWl6EVQ6WWHE4oNQdickJLvMm4Cz5y977qBDnoykf/w1qX36Ilr+rOJ\n2VRScnPUbSIGU+/K9mVBMUQya+rwDsxzUFGajTpBtSmP56lh9PLQENuPK4f78OoI\nv3aZTQ3MP+FjZ/S9ZEm6VAhY8n0TQqmJjfpUAU6PSzQj/Z288bKeLttFEH/4Rcz7\nnBEAAAEBAPub66s3ZxIhZkZLfRlxOYa8SB3IWCZhj4AjDrSdwBVFmM/lNO+AZ798\nSi5ioEV2DMjW1te3HIr/5ppnjKhbmGTPdSOLfNvv8O10dGqFD+UyUXpfdvtAhC25\nN7wVchRcbZNKmWBjJEKu087k88YWba1YwuSkIPi5ChE3bhmxh+lpOs+eR8EqpKC9\nh1XdQcREFesDM8eQ5aMHq6YVQopdgESo6s5/VPCn7IwoMn/ypZ7Rh3CiSkAef1VM\njViLPbVzAPnIevPqTunOYzYz+MM8tlpbiIrSrm4JMFWOfFWtxRZjqLq9QWNr0d2h\n3kNWV/+n8CisXlB3pakpuTIlJZh6VnkAAAAAAQID\n-----END OPENSSH PRIVATE KEY-----\n",
            "private_key_pem": "-----BEGIN RSA PRIVATE KEY-----\nMIIJKAIBAAKCAgEA2lClz77/AoUBbYbN5ixRqRP6d/+geRKuBH9PhltN8rEDA/qj\nRGEGYyLQHZdY6DJgTqgDt4C5b5so0kQSfRuTyree+gGZYlCgKiIMvRxUr7Y868J9\n5Wcd3P6fPq+aAH0EPhBM1Jf/xlhWcvA9QloMMVD8ZDl12yHpJF33dZV83mxSaTG0\n278yJWGRPWoEvZmURJoK218DNBpT8XI6aKe9VIP9NpIoItrKSJcws7DmgFE4FTVP\nToGXaDbsAVA9yWyuvVrcvRoI2mj9eiLIPnpYsaOPPkhLahVDukxvi/eovvbkIoRb\nVw5VKDvcUOqKkEX6VAMCw9yPoOptLzLiVwh6Ol3YZqCgRaru+d8kThRfgrvBZoa6\nujVrAvV0o/TgMmoWsy/JHSyDd7NNPzI2oEBTgsAlGy4C+4KasgYhwR8dl9WvXjnK\noGIIEvjVlD59+oPwH8YfYW+eymtnYR7/m+I/KA0qSZNDxdShapCDT+8kwAGex7Xy\nWcE/3Seu/8cqm3i36OPfMZi6c7vDgxJI3HY+7cNcf3W37xj4dwlp68xRlWmCSm5Y\nztA/GxGpvcacQ031olN9cSdIfgR1rZvOMfsztQJulcyrWnL9vfxfc0+Wm4C3X+k9\niVdek4Bn7cNR8saB1ehgZIuwq5OmDnRWSdeO/y9xwWQ+8bzyTxrj4eF0egkCAwEA\nAQKCAgB+aHIJ30KS9+aCv6pa21CRQPMnJkmJsSo3imvGlPmGS74+QJLmlfN31YGB\nkM+26uxevuQgDZXRrJqvXSEDdcNWfom7os9oYNzMaJjNqyjR8QhHTn9NJC7jdj9I\nsa7PF5QsR43lDvnXo/Cybq5ZzAABUi5B7g9yyajQGOSfHeaGd1wkctaQ4p0rjdnm\nIIwMKG/0ZOliahpVweTXCdgOHwn+dMpaHbjFrb+w1nIpqYVdySlbBlocT+cWPa7b\nd9W+2oI3O/RSPk/f/yi93oPpwTe368eWPZAFJbjolzeDaOw5XoVsAw1MVA001axU\n4elHbm1q1a91LzGu7+42hRUPZeY28S/62K+bkhVy+HdweFvIHvm52iJNwZ0v5nEL\nRws4x3yrU694QOXENXDiKaMetg5QVifcVQOfpXOl6tWJbR3xDppls9ojSPcMhs1c\nRDg7lnQkPqdEsZbgh1ME/CbjZ351NVOFVLB0vahMB5gHRijRtLiRJPesBS9sZ5wl\nljrmjiR6gfJAif8hmQAcPV92fgLzeOOdYeUZ+NfYqmoTIH0ckzp8+58U6HKGTmfA\nvt+S3z1/nSdv9o/OWHekZXNmUnFi9Mpl00V8MKpukGhAHk80LhfLtLCRfcE8PvFx\nHllaYM1PlUpJp7fVOyDhlNW7d1kMrK9pzuNaew2UYr1/f346gQKCAQEA3h/74bpO\n/BnZa9w0EFJLwIiT0N8royT+E3U7ataptpgNHaS44kgP8AEFIo4uPOCB6RVTRi4M\nTumkblQO5XfSVPEtyESOGbMy8d9hRP0pQtpBvvH4fpXBN40P/gnyqGXNqDjsWoiK\n3IiufYj38YwSl/2UF0PyhaXoRVDpZYcTig1B2JyQku8ybgLPnL3vuoEOejKR//DW\npffoiWv6s4nZVFJyc9RtIgZT78r2ZUExRDJr6vAOzHNQUZqNOkG1KY/nqWH08tAQ\n248rh/vw6gi/dplNDcw/4WNn9L1kSbpUCFjyfRNCqYmN+lQBTo9LNCP9nbzxsp4u\n20UQf/hFzPucEQKCAQEA+5vrqzdnEiFmRkt9GXE5hrxIHchYJmGPgCMOtJ3AFUWY\nz+U074Bnv3xKLmKgRXYMyNbW17cciv/mmmeMqFuYZM91I4t82+/w7XR0aoUP5TJR\nel92+0CELbk3vBVyFFxtk0qZYGMkQq7TzuTzxhZtrVjC5KQg+LkKETduGbGH6Wk6\nz55HwSqkoL2HVd1BxEQV6wMzx5DlowerphVCil2ARKjqzn9U8KfsjCgyf/KlntGH\ncKJKQB5/VUyNWIs9tXMA+ch68+pO6c5jNjP4wzy2WluIitKubgkwVY58Va3FFmOo\nur1BY2vR3aHeQ1ZX/6fwKKxeUHelqSm5MiUlmHpWeQKCAQBEDqiuUNdChukHE0Eg\nfxaWt0ITDU3hfsQaUiESaxM0zwG1w3KiYlH/x1A7djTUkjU7pT0Ok61RwGSRKVAn\nHr9jJ0JPyjF/zlgdo8O5z5eE1DqwtpLctiWtT5tGyuV+kzKgCFDirFNfnsFX1U+i\nwrgvuZJWTotQR7UTB+d7JBfohIdYRyBE5OUer93MuKVrD3/QEQ6KzM/3qi2lbWAz\nAlmEbH6E3uFRO38cSaOVApSFwK0wHr1qByrk1eXPo7JOOblRPKJAg1+m5gcAc0Et\nc+C2BeKGB77K4BpJ8n132Y9Fv3sMt4oFSBAoUvTTjTQNlblvSyUDBVR1+oNDsl4w\noCcBAoIBAQCkh03xNRZSNcLyPpS8WVy7rU0fJI338x3qNYJ9OxaLEmqdr40Q/A9b\nmMPNVzLkmRA9GLd+cb/ZaQL7frDsupCJg1te9eycyWbrb5ZcvUwqnN/IvLpKC+Mj\nHxXCCOgDRnlksohfDhV9AWOBzBdYNfxcOUmgR29EFYPuxCdb58ovKF+Luj3Do8Xp\nUmY4EKnb1IXcmsh2PFrdY7urrAVKA2BIBYkdpQf/Il+9Ot/i6OHCW9NMJOOW0BqF\nxbw75Tlh+KTvsVgtPc+CdjJMFGocCQxZQ7eix6fGTn3rxHOrdykEvgBstCsY/z1J\nx3pW4BRFGiUiA6zcw5BxcNYoY0AVWBJJAoIBAAyJs2QbTi8Zy9Oy+uOKV2BF3bK3\n2O9Cdg9Ie+9d+UMPvBRDrZRU53rN073+B2Zrrzj4B87HNOeRWHa1rC1aeWzCl90v\nnjktq0J/R65ZlK8EccPujcOtfBshvvMeswzGyUPh1hG0W/UVi882lCc8ZPrvuvDB\nFBCiNMAXAvoTSiajAzwELXqmPhvQ2VweMZF4VHcIDXhjxNYKR4RyBP3ZDUZOiO1V\n+WSPvQZwRxnKxqaLfgD9BlOW5QLLpCU714YmlCTBivkUaJsJpKEeewRz2dgglKNa\nBKRfMYuBHxKsOkntaPaBiWfCQe68GUwwTEuj4HF8nIGAuftTgu0yytipLTU=\n-----END RSA PRIVATE KEY-----\n",
            "private_key_pem_pkcs8": "-----BEGIN PRIVATE KEY-----\nMIIJQgIBADANBgkqhkiG9w0BAQEFAASCCSwwggkoAgEAAoICAQDaUKXPvv8ChQFt\nhs3mLFGpE/p3/6B5Eq4Ef0+GW03ysQMD+qNEYQZjItAdl1joMmBOqAO3gLlvmyjS\nRBJ9G5PKt576AZliUKAqIgy9HFSvtjzrwn3lZx3c/p8+r5oAfQQ+EEzUl//GWFZy\n8D1CWgwxUPxkOXXbIekkXfd1lXzebFJpMbTbvzIlYZE9agS9mZREmgrbXwM0GlPx\ncjpop71Ug/02kigi2spIlzCzsOaAUTgVNU9OgZdoNuwBUD3JbK69Wty9GgjaaP16\nIsg+elixo48+SEtqFUO6TG+L96i+9uQihFtXDlUoO9xQ6oqQRfpUAwLD3I+g6m0v\nMuJXCHo6XdhmoKBFqu753yROFF+Cu8Fmhrq6NWsC9XSj9OAyahazL8kdLIN3s00/\nMjagQFOCwCUbLgL7gpqyBiHBHx2X1a9eOcqgYggS+NWUPn36g/Afxh9hb57Ka2dh\nHv+b4j8oDSpJk0PF1KFqkINP7yTAAZ7HtfJZwT/dJ67/xyqbeLfo498xmLpzu8OD\nEkjcdj7tw1x/dbfvGPh3CWnrzFGVaYJKbljO0D8bEam9xpxDTfWiU31xJ0h+BHWt\nm84x+zO1Am6VzKtacv29/F9zT5abgLdf6T2JV16TgGftw1HyxoHV6GBki7Crk6YO\ndFZJ147/L3HBZD7xvPJPGuPh4XR6CQIDAQABAoICAH5ocgnfQpL35oK/qlrbUJFA\n8ycmSYmxKjeKa8aU+YZLvj5AkuaV83fVgYGQz7bq7F6+5CANldGsmq9dIQN1w1Z+\nibuiz2hg3MxomM2rKNHxCEdOf00kLuN2P0ixrs8XlCxHjeUO+dej8LJurlnMAAFS\nLkHuD3LJqNAY5J8d5oZ3XCRy1pDinSuN2eYgjAwob/Rk6WJqGlXB5NcJ2A4fCf50\nyloduMWtv7DWcimphV3JKVsGWhxP5xY9rtt31b7agjc79FI+T9//KL3eg+nBN7fr\nx5Y9kAUluOiXN4No7DlehWwDDUxUDTTVrFTh6UdubWrVr3UvMa7v7jaFFQ9l5jbx\nL/rYr5uSFXL4d3B4W8ge+bnaIk3BnS/mcQtHCzjHfKtTr3hA5cQ1cOIpox62DlBW\nJ9xVA5+lc6Xq1YltHfEOmmWz2iNI9wyGzVxEODuWdCQ+p0SxluCHUwT8JuNnfnU1\nU4VUsHS9qEwHmAdGKNG0uJEk96wFL2xnnCWWOuaOJHqB8kCJ/yGZABw9X3Z+AvN4\n451h5Rn419iqahMgfRyTOnz7nxTocoZOZ8C+35LfPX+dJ2/2j85Yd6Rlc2ZScWL0\nymXTRXwwqm6QaEAeTzQuF8u0sJF9wTw+8XEeWVpgzU+VSkmnt9U7IOGU1bt3WQys\nr2nO41p7DZRivX9/fjqBAoIBAQDeH/vhuk78Gdlr3DQQUkvAiJPQ3yujJP4TdTtq\n1qm2mA0dpLjiSA/wAQUiji484IHpFVNGLgxO6aRuVA7ld9JU8S3IRI4ZszLx32FE\n/SlC2kG+8fh+lcE3jQ/+CfKoZc2oOOxaiIrciK59iPfxjBKX/ZQXQ/KFpehFUOll\nhxOKDUHYnJCS7zJuAs+cve+6gQ56MpH/8Nal9+iJa/qzidlUUnJz1G0iBlPvyvZl\nQTFEMmvq8A7Mc1BRmo06QbUpj+epYfTy0BDbjyuH+/DqCL92mU0NzD/hY2f0vWRJ\nulQIWPJ9E0KpiY36VAFOj0s0I/2dvPGyni7bRRB/+EXM+5wRAoIBAQD7m+urN2cS\nIWZGS30ZcTmGvEgdyFgmYY+AIw60ncAVRZjP5TTvgGe/fEouYqBFdgzI1tbXtxyK\n/+aaZ4yoW5hkz3Uji3zb7/DtdHRqhQ/lMlF6X3b7QIQtuTe8FXIUXG2TSplgYyRC\nrtPO5PPGFm2tWMLkpCD4uQoRN24ZsYfpaTrPnkfBKqSgvYdV3UHERBXrAzPHkOWj\nB6umFUKKXYBEqOrOf1Twp+yMKDJ/8qWe0YdwokpAHn9VTI1Yiz21cwD5yHrz6k7p\nzmM2M/jDPLZaW4iK0q5uCTBVjnxVrcUWY6i6vUFja9Hdod5DVlf/p/AorF5Qd6Wp\nKbkyJSWYelZ5AoIBAEQOqK5Q10KG6QcTQSB/Fpa3QhMNTeF+xBpSIRJrEzTPAbXD\ncqJiUf/HUDt2NNSSNTulPQ6TrVHAZJEpUCcev2MnQk/KMX/OWB2jw7nPl4TUOrC2\nkty2Ja1Pm0bK5X6TMqAIUOKsU1+ewVfVT6LCuC+5klZOi1BHtRMH53skF+iEh1hH\nIETk5R6v3cy4pWsPf9ARDorMz/eqLaVtYDMCWYRsfoTe4VE7fxxJo5UClIXArTAe\nvWoHKuTV5c+jsk45uVE8okCDX6bmBwBzQS1z4LYF4oYHvsrgGknyfXfZj0W/ewy3\nigVIEChS9NONNA2VuW9LJQMFVHX6g0OyXjCgJwECggEBAKSHTfE1FlI1wvI+lLxZ\nXLutTR8kjffzHeo1gn07FosSap2vjRD8D1uYw81XMuSZED0Yt35xv9lpAvt+sOy6\nkImDW1717JzJZutvlly9TCqc38i8ukoL4yMfFcII6ANGeWSyiF8OFX0BY4HMF1g1\n/Fw5SaBHb0QVg+7EJ1vnyi8oX4u6PcOjxelSZjgQqdvUhdyayHY8Wt1ju6usBUoD\nYEgFiR2lB/8iX7063+Lo4cJb00wk45bQGoXFvDvlOWH4pO+xWC09z4J2MkwUahwJ\nDFlDt6LHp8ZOfevEc6t3KQS+AGy0Kxj/PUnHelbgFEUaJSIDrNzDkHFw1ihjQBVY\nEkkCggEADImzZBtOLxnL07L644pXYEXdsrfY70J2D0h77135Qw+8FEOtlFTnes3T\nvf4HZmuvOPgHzsc055FYdrWsLVp5bMKX3S+eOS2rQn9HrlmUrwRxw+6Nw618GyG+\n8x6zDMbJQ+HWEbRb9RWLzzaUJzxk+u+68MEUEKI0wBcC+hNKJqMDPAQteqY+G9DZ\nXB4xkXhUdwgNeGPE1gpHhHIE/dkNRk6I7VX5ZI+9BnBHGcrGpot+AP0GU5blAsuk\nJTvXhiaUJMGK+RRomwmkoR57BHPZ2CCUo1oEpF8xi4EfEqw6Se1o9oGJZ8JB7rwZ\nTDBMS6PgcXycgYC5+1OC7TLK2KktNQ==\n-----END PRIVATE KEY-----\n",
            "public_key_fingerprint_md5": "8c:61:e4:c6:83:cc:0b:95:91:25:d4:23:ca:b4:2d:9b",
            "public_key_fingerprint_sha256": "SHA256:7VHJqb2jfmlXn9yR81LwozyR9EiEF5mz1eFNNM2ZaE0",
            "public_key_openssh": "ssh-rsa AAAAB3NzaC1yc2EAAAADAQABAAACAQDaUKXPvv8ChQFths3mLFGpE/p3/6B5Eq4Ef0+GW03ysQMD+qNEYQZjItAdl1joMmBOqAO3gLlvmyjSRBJ9G5PKt576AZliUKAqIgy9HFSvtjzrwn3lZx3c/p8+r5oAfQQ+EEzUl//GWFZy8D1CWgwxUPxkOXXbIekkXfd1lXzebFJpMbTbvzIlYZE9agS9mZREmgrbXwM0GlPxcjpop71Ug/02kigi2spIlzCzsOaAUTgVNU9OgZdoNuwBUD3JbK69Wty9GgjaaP16Isg+elixo48+SEtqFUO6TG+L96i+9uQihFtXDlUoO9xQ6oqQRfpUAwLD3I+g6m0vMuJXCHo6XdhmoKBFqu753yROFF+Cu8Fmhrq6NWsC9XSj9OAyahazL8kdLIN3s00/MjagQFOCwCUbLgL7gpqyBiHBHx2X1a9eOcqgYggS+NWUPn36g/Afxh9hb57Ka2dhHv+b4j8oDSpJk0PF1KFqkINP7yTAAZ7HtfJZwT/dJ67/xyqbeLfo498xmLpzu8ODEkjcdj7tw1x/dbfvGPh3CWnrzFGVaYJKbljO0D8bEam9xpxDTfWiU31xJ0h+BHWtm84x+zO1Am6VzKtacv29/F9zT5abgLdf6T2JV16TgGftw1HyxoHV6GBki7Crk6YOdFZJ147/L3HBZD7xvPJPGuPh4XR6CQ==\n",
            "public_key_pem": "-----BEGIN PUBLIC KEY-----\nMIICIjANBgkqhkiG9w0BAQEFAAOCAg8AMIICCgKCAgEA2lClz77/AoUBbYbN5ixR\nqRP6d/+geRKuBH9PhltN8rEDA/qjRGEGYyLQHZdY6DJgTqgDt4C5b5so0kQSfRuT\nyree+gGZYlCgKiIMvRxUr7Y868J95Wcd3P6fPq+aAH0EPhBM1Jf/xlhWcvA9QloM\nMVD8ZDl12yHpJF33dZV83mxSaTG0278yJWGRPWoEvZmURJoK218DNBpT8XI6aKe9\nVIP9NpIoItrKSJcws7DmgFE4FTVPToGXaDbsAVA9yWyuvVrcvRoI2mj9eiLIPnpY\nsaOPPkhLahVDukxvi/eovvbkIoRbVw5VKDvcUOqKkEX6VAMCw9yPoOptLzLiVwh6\nOl3YZqCgRaru+d8kThRfgrvBZoa6ujVrAvV0o/TgMmoWsy/JHSyDd7NNPzI2oEBT\ngsAlGy4C+4KasgYhwR8dl9WvXjnKoGIIEvjVlD59+oPwH8YfYW+eymtnYR7/m+I/\nKA0qSZNDxdShapCDT+8kwAGex7XyWcE/3Seu/8cqm3i36OPfMZi6c7vDgxJI3HY+\n7cNcf3W37xj4dwlp68xRlWmCSm5YztA/GxGpvcacQ031olN9cSdIfgR1rZvOMfsz\ntQJulcyrWnL9vfxfc0+Wm4C3X+k9iVdek4Bn7cNR8saB1ehgZIuwq5OmDnRWSdeO\n/y9xwWQ+8bzyTxrj4eF0egkCAwEAAQ==\n-----END PUBLIC KEY-----\n",
            "rsa_bits": 4096
          },
          "sensitive_attributes": [
            [
              {
                "type": "get_attr",
                "value": "private_key_openssh"
              }
            ],
            [
              {
                "type": "get_attr",
                "value": "private_key_pem_pkcs8"
              }
            ],
            [
              {
                "type": "get_attr",
                "value": "private_key_pem"
              }
            ]
          ]
        }
      ]
    }
  ],
  "check_results": null
}
